
Microsoft Visual Studio Solution File, Format Version 12.00
# Visual Studio Version 17
VisualStudioVersion = 17.4.33103.184
MinimumVisualStudioVersion = 10.0.40219.1
Project("{FAE04EC0-301F-11D3-BF4B-00C04F79EFBC}") = "DopZ_PZ_10", "DopZ_PZ_10.csproj", "{4CF001F4-3EF4-490B-9408-1AAC68DF2D5B}"
EndProject
Global
	GlobalSection(SolutionConfigurationPlatforms) = preSolution
		Debug|Any CPU = Debug|Any CPU
		Release|Any CPU = Release|Any CPU
	EndGlobalSection
	GlobalSection(ProjectConfigurationPlatforms) = postSolution
		{4CF001F4-3EF4-490B-9408-1AAC68DF2D5B}.Debug|Any CPU.ActiveCfg = Debug|Any CPU
		{4CF001F4-3EF4-490B-9408-1AAC68DF2D5B}.Debug|Any CPU.Build.0 = Debug|Any CPU
		{4CF001F4-3EF4-490B-9408-1AAC68DF2D5B}.Release|Any CPU.ActiveCfg = Release|Any CPU
		{4CF001F4-3EF4-490B-9408-1AAC68DF2D5B}.Release|Any CPU.Build.0 = Release|Any CPU
	EndGlobalSection
	GlobalSection(SolutionProperties) = preSolution
		HideSolutionNode = FALSE
	EndGlobalSection
	GlobalSection(ExtensibilityGlobals) = postSolution
		SolutionGuid = {CE0F3BCC-D180-4260-B0F0-E3A1CFEC5B9E}
	EndGlobalSection
EndGlobal
